
Microsoft Visual Studio Solution File, Format Version 12.00
# Visual Studio Version 16
VisualStudioVersion = 16.0.31424.327
MinimumVisualStudioVersion = 10.0.40219.1
Project("{8BC9CEB8-8B4A-11D0-8D11-00A0C91BC942}") = "DataStructure", "DataStructure.vcxproj", "{C5FFA05E-8463-4FFC-A3E7-873A8E371189}"
EndProject
Project("{8BC9CEB8-8B4A-11D0-8D11-00A0C91BC942}") = "FileSystem", "..\FileSystem\FileSystem.vcxproj", "{1B585413-B166-410A-B2BC-ECA45CC6FB14}"
EndProject
Global
	GlobalSection(SolutionConfigurationPlatforms) = preSolution
		Debug|x64 = Debug|x64
		Debug|x86 = Debug|x86
		Release|x64 = Release|x64
		Release|x86 = Release|x86
	EndGlobalSection
	GlobalSection(ProjectConfigurationPlatforms) = postSolution
		{C5FFA05E-8463-4FFC-A3E7-873A8E371189}.Debug|x64.ActiveCfg = Debug|x64
		{C5FFA05E-8463-4FFC-A3E7-873A8E371189}.Debug|x64.Build.0 = Debug|x64
		{C5FFA05E-8463-4FFC-A3E7-873A8E371189}.Debug|x86.ActiveCfg = Debug|Win32
		{C5FFA05E-8463-4FFC-A3E7-873A8E371189}.Debug|x86.Build.0 = Debug|Win32
		{C5FFA05E-8463-4FFC-A3E7-873A8E371189}.Release|x64.ActiveCfg = Release|x64
		{C5FFA05E-8463-4FFC-A3E7-873A8E371189}.Release|x64.Build.0 = Release|x64
		{C5FFA05E-8463-4FFC-A3E7-873A8E371189}.Release|x86.ActiveCfg = Release|Win32
		{C5FFA05E-8463-4FFC-A3E7-873A8E371189}.Release|x86.Build.0 = Release|Win32
		{1B585413-B166-410A-B2BC-ECA45CC6FB14}.Debug|x64.ActiveCfg = Debug|x64
		{1B585413-B166-410A-B2BC-ECA45CC6FB14}.Debug|x64.Build.0 = Debug|x64
		{1B585413-B166-410A-B2BC-ECA45CC6FB14}.Debug|x86.ActiveCfg = Debug|Win32
		{1B585413-B166-410A-B2BC-ECA45CC6FB14}.Debug|x86.Build.0 = Debug|Win32
		{1B585413-B166-410A-B2BC-ECA45CC6FB14}.Release|x64.ActiveCfg = Release|x64
		{1B585413-B166-410A-B2BC-ECA45CC6FB14}.Release|x64.Build.0 = Release|x64
		{1B585413-B166-410A-B2BC-ECA45CC6FB14}.Release|x86.ActiveCfg = Release|Win32
		{1B585413-B166-410A-B2BC-ECA45CC6FB14}.Release|x86.Build.0 = Release|Win32
	EndGlobalSection
	GlobalSection(SolutionProperties) = preSolution
		HideSolutionNode = FALSE
	EndGlobalSection
	GlobalSection(ExtensibilityGlobals) = postSolution
		SolutionGuid = {0EE05E83-95ED-447E-88DA-D5C2AE775CC3}
	EndGlobalSection
EndGlobal
